
Microsoft Visual Studio Solution File, Format Version 11.00
# Visual Studio 2010
Project("{FAE04EC0-301F-11D3-BF4B-00C04F79EFBC}") = "BDDD", "BDDD\BDDD.csproj", "{B511179D-EC44-4715-8586-35A79E33A6FD}"
EndProject
Project("{2150E333-8FDC-42A3-9474-1A3956D46DE8}") = "1.1.Repository", "1.1.Repository", "{DA9B3DD2-9F6A-4FC0-9E4A-315294917182}"
EndProject
Project("{FAE04EC0-301F-11D3-BF4B-00C04F79EFBC}") = "BDDD.Repository.NHibernate", "BDDD.Repository.NHibernate\BDDD.Repository.NHibernate.csproj", "{BF17DA37-3740-4F05-9173-50EE6174C3CA}"
EndProject
Project("{2150E333-8FDC-42A3-9474-1A3956D46DE8}") = "2.Tests", "2.Tests", "{998D85B5-AD2B-4BB9-BD93-3F5F6D1268A7}"
EndProject
Project("{FAE04EC0-301F-11D3-BF4B-00C04F79EFBC}") = "BDDD.Tests.DomainModel", "BDDD.Tests.DomainModel\BDDD.Tests.DomainModel.csproj", "{3C8790B8-FA0C-4750-B680-DA86D98C0D2F}"
EndProject
Project("{FAE04EC0-301F-11D3-BF4B-00C04F79EFBC}") = "BDDD.Tests.Common", "BDDD.Tests.Common\BDDD.Tests.Common.csproj", "{D66BFC08-2481-4456-B7FD-02C1E65A089B}"
EndProject
Project("{2150E333-8FDC-42A3-9474-1A3956D46DE8}") = "Solution Items", "Solution Items", "{E4DE5DF3-3CC8-4669-ABB8-A7A58440D527}"
	ProjectSection(SolutionItems) = preProject
		BDDD.vsmdi = BDDD.vsmdi
		Local.testsettings = Local.testsettings
		TraceAndTestImpact.testsettings = TraceAndTestImpact.testsettings
	EndProjectSection
EndProject
Project("{2150E333-8FDC-42A3-9474-1A3956D46DE8}") = "1.Core", "1.Core", "{3F787B29-F61C-48FB-8319-BC1ED0BBDC64}"
EndProject
Project("{2150E333-8FDC-42A3-9474-1A3956D46DE8}") = "3.Tools", "3.Tools", "{C77742A5-09B1-4F9A-A98A-D91AE4182F3A}"
EndProject
Project("{FAE04EC0-301F-11D3-BF4B-00C04F79EFBC}") = "BDDD.Tools.ConfigurationDesigner", "BDDD.Tools.ConfigurationDesigner\BDDD.Tools.ConfigurationDesigner.csproj", "{0B2EB407-70D0-41BE-B4B0-D60055FD32B4}"
EndProject
Project("{2150E333-8FDC-42A3-9474-1A3956D46DE8}") = "1.2.Object Container", "1.2.Object Container", "{EC896F14-0993-4320-9DDD-FE66653C469F}"
EndProject
Project("{FAE04EC0-301F-11D3-BF4B-00C04F79EFBC}") = "BDDD.ObjectContainers.Unity", "BDDD.ObjectContainers.Unity\BDDD.ObjectContainers.Unity.csproj", "{6970C906-4205-4004-8D93-6BDF657E6295}"
EndProject
Project("{FAE04EC0-301F-11D3-BF4B-00C04F79EFBC}") = "BDDD.Tests.Repository.NHibernateRepository", "BDDD.Tests.Repository.NHibernateRepository\BDDD.Tests.Repository.NHibernateRepository.csproj", "{CF6577E9-EB67-4917-8992-567AAE471E18}"
EndProject
Project("{FAE04EC0-301F-11D3-BF4B-00C04F79EFBC}") = "BDDD.Tests.DomainModel.NHibernateMapper", "BDDD.Tests.DomainModel.NHibernateMapper\BDDD.Tests.DomainModel.NHibernateMapper.csproj", "{BDA57EB4-3012-4277-A0B6-D97FBE5A3FAC}"
EndProject
Project("{FAE04EC0-301F-11D3-BF4B-00C04F79EFBC}") = "BDDD.Repository.MongoDB", "BDDD.Repository.MongoDB\BDDD.Repository.MongoDB.csproj", "{8E1C72CC-D134-459C-BBBC-6EF31AE0FD42}"
EndProject
Project("{FAE04EC0-301F-11D3-BF4B-00C04F79EFBC}") = "BDDD.Tests.ObjectContainers.Unity", "BDDD.Tests.ObjectContainers.Unity\BDDD.Tests.ObjectContainers.Unity.csproj", "{6B475207-611B-484E-AE35-787F2F2CB539}"
EndProject
Project("{FAE04EC0-301F-11D3-BF4B-00C04F79EFBC}") = "BDDD.Tests.Interceptions", "BDDD.Tests.Interceptions\BDDD.Tests.Interceptions.csproj", "{54317053-E36B-4A90-A293-230A14C7FEC8}"
EndProject
Global
	GlobalSection(TestCaseManagementSettings) = postSolution
		CategoryFile = BDDD.vsmdi
	EndGlobalSection
	GlobalSection(SolutionConfigurationPlatforms) = preSolution
		Debug|Any CPU = Debug|Any CPU
		Debug|Mixed Platforms = Debug|Mixed Platforms
		Debug|x86 = Debug|x86
		Release|Any CPU = Release|Any CPU
		Release|Mixed Platforms = Release|Mixed Platforms
		Release|x86 = Release|x86
	EndGlobalSection
	GlobalSection(ProjectConfigurationPlatforms) = postSolution
		{B511179D-EC44-4715-8586-35A79E33A6FD}.Debug|Any CPU.ActiveCfg = Debug|Any CPU
		{B511179D-EC44-4715-8586-35A79E33A6FD}.Debug|Any CPU.Build.0 = Debug|Any CPU
		{B511179D-EC44-4715-8586-35A79E33A6FD}.Debug|Mixed Platforms.ActiveCfg = Debug|Any CPU
		{B511179D-EC44-4715-8586-35A79E33A6FD}.Debug|Mixed Platforms.Build.0 = Debug|Any CPU
		{B511179D-EC44-4715-8586-35A79E33A6FD}.Debug|x86.ActiveCfg = Debug|Any CPU
		{B511179D-EC44-4715-8586-35A79E33A6FD}.Release|Any CPU.ActiveCfg = Release|Any CPU
		{B511179D-EC44-4715-8586-35A79E33A6FD}.Release|Any CPU.Build.0 = Release|Any CPU
		{B511179D-EC44-4715-8586-35A79E33A6FD}.Release|Mixed Platforms.ActiveCfg = Release|Any CPU
		{B511179D-EC44-4715-8586-35A79E33A6FD}.Release|Mixed Platforms.Build.0 = Release|Any CPU
		{B511179D-EC44-4715-8586-35A79E33A6FD}.Release|x86.ActiveCfg = Release|Any CPU
		{BF17DA37-3740-4F05-9173-50EE6174C3CA}.Debug|Any CPU.ActiveCfg = Debug|Any CPU
		{BF17DA37-3740-4F05-9173-50EE6174C3CA}.Debug|Any CPU.Build.0 = Debug|Any CPU
		{BF17DA37-3740-4F05-9173-50EE6174C3CA}.Debug|Mixed Platforms.ActiveCfg = Debug|Any CPU
		{BF17DA37-3740-4F05-9173-50EE6174C3CA}.Debug|Mixed Platforms.Build.0 = Debug|Any CPU
		{BF17DA37-3740-4F05-9173-50EE6174C3CA}.Debug|x86.ActiveCfg = Debug|Any CPU
		{BF17DA37-3740-4F05-9173-50EE6174C3CA}.Release|Any CPU.ActiveCfg = Release|Any CPU
		{BF17DA37-3740-4F05-9173-50EE6174C3CA}.Release|Any CPU.Build.0 = Release|Any CPU
		{BF17DA37-3740-4F05-9173-50EE6174C3CA}.Release|Mixed Platforms.ActiveCfg = Release|Any CPU
		{BF17DA37-3740-4F05-9173-50EE6174C3CA}.Release|Mixed Platforms.Build.0 = Release|Any CPU
		{BF17DA37-3740-4F05-9173-50EE6174C3CA}.Release|x86.ActiveCfg = Release|Any CPU
		{3C8790B8-FA0C-4750-B680-DA86D98C0D2F}.Debug|Any CPU.ActiveCfg = Debug|Any CPU
		{3C8790B8-FA0C-4750-B680-DA86D98C0D2F}.Debug|Any CPU.Build.0 = Debug|Any CPU
		{3C8790B8-FA0C-4750-B680-DA86D98C0D2F}.Debug|Mixed Platforms.ActiveCfg = Debug|Any CPU
		{3C8790B8-FA0C-4750-B680-DA86D98C0D2F}.Debug|Mixed Platforms.Build.0 = Debug|Any CPU
		{3C8790B8-FA0C-4750-B680-DA86D98C0D2F}.Debug|x86.ActiveCfg = Debug|Any CPU
		{3C8790B8-FA0C-4750-B680-DA86D98C0D2F}.Release|Any CPU.ActiveCfg = Release|Any CPU
		{3C8790B8-FA0C-4750-B680-DA86D98C0D2F}.Release|Any CPU.Build.0 = Release|Any CPU
		{3C8790B8-FA0C-4750-B680-DA86D98C0D2F}.Release|Mixed Platforms.ActiveCfg = Release|Any CPU
		{3C8790B8-FA0C-4750-B680-DA86D98C0D2F}.Release|Mixed Platforms.Build.0 = Release|Any CPU
		{3C8790B8-FA0C-4750-B680-DA86D98C0D2F}.Release|x86.ActiveCfg = Release|Any CPU
		{D66BFC08-2481-4456-B7FD-02C1E65A089B}.Debug|Any CPU.ActiveCfg = Debug|Any CPU
		{D66BFC08-2481-4456-B7FD-02C1E65A089B}.Debug|Any CPU.Build.0 = Debug|Any CPU
		{D66BFC08-2481-4456-B7FD-02C1E65A089B}.Debug|Mixed Platforms.ActiveCfg = Debug|Any CPU
		{D66BFC08-2481-4456-B7FD-02C1E65A089B}.Debug|Mixed Platforms.Build.0 = Debug|Any CPU
		{D66BFC08-2481-4456-B7FD-02C1E65A089B}.Debug|x86.ActiveCfg = Debug|Any CPU
		{D66BFC08-2481-4456-B7FD-02C1E65A089B}.Release|Any CPU.ActiveCfg = Release|Any CPU
		{D66BFC08-2481-4456-B7FD-02C1E65A089B}.Release|Any CPU.Build.0 = Release|Any CPU
		{D66BFC08-2481-4456-B7FD-02C1E65A089B}.Release|Mixed Platforms.ActiveCfg = Release|Any CPU
		{D66BFC08-2481-4456-B7FD-02C1E65A089B}.Release|Mixed Platforms.Build.0 = Release|Any CPU
		{D66BFC08-2481-4456-B7FD-02C1E65A089B}.Release|x86.ActiveCfg = Release|Any CPU
		{0B2EB407-70D0-41BE-B4B0-D60055FD32B4}.Debug|Any CPU.ActiveCfg = Debug|Any CPU
		{0B2EB407-70D0-41BE-B4B0-D60055FD32B4}.Debug|Any CPU.Build.0 = Debug|Any CPU
		{0B2EB407-70D0-41BE-B4B0-D60055FD32B4}.Debug|Mixed Platforms.ActiveCfg = Debug|Any CPU
		{0B2EB407-70D0-41BE-B4B0-D60055FD32B4}.Debug|Mixed Platforms.Build.0 = Debug|Any CPU
		{0B2EB407-70D0-41BE-B4B0-D60055FD32B4}.Debug|x86.ActiveCfg = Debug|Any CPU
		{0B2EB407-70D0-41BE-B4B0-D60055FD32B4}.Release|Any CPU.ActiveCfg = Release|Any CPU
		{0B2EB407-70D0-41BE-B4B0-D60055FD32B4}.Release|Any CPU.Build.0 = Release|Any CPU
		{0B2EB407-70D0-41BE-B4B0-D60055FD32B4}.Release|Mixed Platforms.ActiveCfg = Release|Any CPU
		{0B2EB407-70D0-41BE-B4B0-D60055FD32B4}.Release|Mixed Platforms.Build.0 = Release|Any CPU
		{0B2EB407-70D0-41BE-B4B0-D60055FD32B4}.Release|x86.ActiveCfg = Release|Any CPU
		{6970C906-4205-4004-8D93-6BDF657E6295}.Debug|Any CPU.ActiveCfg = Debug|Any CPU
		{6970C906-4205-4004-8D93-6BDF657E6295}.Debug|Any CPU.Build.0 = Debug|Any CPU
		{6970C906-4205-4004-8D93-6BDF657E6295}.Debug|Mixed Platforms.ActiveCfg = Debug|Any CPU
		{6970C906-4205-4004-8D93-6BDF657E6295}.Debug|Mixed Platforms.Build.0 = Debug|Any CPU
		{6970C906-4205-4004-8D93-6BDF657E6295}.Debug|x86.ActiveCfg = Debug|Any CPU
		{6970C906-4205-4004-8D93-6BDF657E6295}.Release|Any CPU.ActiveCfg = Release|Any CPU
		{6970C906-4205-4004-8D93-6BDF657E6295}.Release|Any CPU.Build.0 = Release|Any CPU
		{6970C906-4205-4004-8D93-6BDF657E6295}.Release|Mixed Platforms.ActiveCfg = Release|Any CPU
		{6970C906-4205-4004-8D93-6BDF657E6295}.Release|Mixed Platforms.Build.0 = Release|Any CPU
		{6970C906-4205-4004-8D93-6BDF657E6295}.Release|x86.ActiveCfg = Release|Any CPU
		{CF6577E9-EB67-4917-8992-567AAE471E18}.Debug|Any CPU.ActiveCfg = Debug|Any CPU
		{CF6577E9-EB67-4917-8992-567AAE471E18}.Debug|Any CPU.Build.0 = Debug|Any CPU
		{CF6577E9-EB67-4917-8992-567AAE471E18}.Debug|Mixed Platforms.ActiveCfg = Debug|Any CPU
		{CF6577E9-EB67-4917-8992-567AAE471E18}.Debug|Mixed Platforms.Build.0 = Debug|Any CPU
		{CF6577E9-EB67-4917-8992-567AAE471E18}.Debug|x86.ActiveCfg = Debug|Any CPU
		{CF6577E9-EB67-4917-8992-567AAE471E18}.Release|Any CPU.ActiveCfg = Release|Any CPU
		{CF6577E9-EB67-4917-8992-567AAE471E18}.Release|Any CPU.Build.0 = Release|Any CPU
		{CF6577E9-EB67-4917-8992-567AAE471E18}.Release|Mixed Platforms.ActiveCfg = Release|Any CPU
		{CF6577E9-EB67-4917-8992-567AAE471E18}.Release|Mixed Platforms.Build.0 = Release|Any CPU
		{CF6577E9-EB67-4917-8992-567AAE471E18}.Release|x86.ActiveCfg = Release|Any CPU
		{BDA57EB4-3012-4277-A0B6-D97FBE5A3FAC}.Debug|Any CPU.ActiveCfg = Debug|x86
		{BDA57EB4-3012-4277-A0B6-D97FBE5A3FAC}.Debug|Mixed Platforms.ActiveCfg = Debug|x86
		{BDA57EB4-3012-4277-A0B6-D97FBE5A3FAC}.Debug|Mixed Platforms.Build.0 = Debug|x86
		{BDA57EB4-3012-4277-A0B6-D97FBE5A3FAC}.Debug|x86.ActiveCfg = Debug|x86
		{BDA57EB4-3012-4277-A0B6-D97FBE5A3FAC}.Debug|x86.Build.0 = Debug|x86
		{BDA57EB4-3012-4277-A0B6-D97FBE5A3FAC}.Release|Any CPU.ActiveCfg = Release|x86
		{BDA57EB4-3012-4277-A0B6-D97FBE5A3FAC}.Release|Mixed Platforms.ActiveCfg = Release|x86
		{BDA57EB4-3012-4277-A0B6-D97FBE5A3FAC}.Release|Mixed Platforms.Build.0 = Release|x86
		{BDA57EB4-3012-4277-A0B6-D97FBE5A3FAC}.Release|x86.ActiveCfg = Release|x86
		{BDA57EB4-3012-4277-A0B6-D97FBE5A3FAC}.Release|x86.Build.0 = Release|x86
		{8E1C72CC-D134-459C-BBBC-6EF31AE0FD42}.Debug|Any CPU.ActiveCfg = Debug|Any CPU
		{8E1C72CC-D134-459C-BBBC-6EF31AE0FD42}.Debug|Any CPU.Build.0 = Debug|Any CPU
		{8E1C72CC-D134-459C-BBBC-6EF31AE0FD42}.Debug|Mixed Platforms.ActiveCfg = Debug|Any CPU
		{8E1C72CC-D134-459C-BBBC-6EF31AE0FD42}.Debug|Mixed Platforms.Build.0 = Debug|Any CPU
		{8E1C72CC-D134-459C-BBBC-6EF31AE0FD42}.Debug|x86.ActiveCfg = Debug|Any CPU
		{8E1C72CC-D134-459C-BBBC-6EF31AE0FD42}.Release|Any CPU.ActiveCfg = Release|Any CPU
		{8E1C72CC-D134-459C-BBBC-6EF31AE0FD42}.Release|Any CPU.Build.0 = Release|Any CPU
		{8E1C72CC-D134-459C-BBBC-6EF31AE0FD42}.Release|Mixed Platforms.ActiveCfg = Release|Any CPU
		{8E1C72CC-D134-459C-BBBC-6EF31AE0FD42}.Release|Mixed Platforms.Build.0 = Release|Any CPU
		{8E1C72CC-D134-459C-BBBC-6EF31AE0FD42}.Release|x86.ActiveCfg = Release|Any CPU
		{6B475207-611B-484E-AE35-787F2F2CB539}.Debug|Any CPU.ActiveCfg = Debug|Any CPU
		{6B475207-611B-484E-AE35-787F2F2CB539}.Debug|Any CPU.Build.0 = Debug|Any CPU
		{6B475207-611B-484E-AE35-787F2F2CB539}.Debug|Mixed Platforms.ActiveCfg = Debug|Any CPU
		{6B475207-611B-484E-AE35-787F2F2CB539}.Debug|Mixed Platforms.Build.0 = Debug|Any CPU
		{6B475207-611B-484E-AE35-787F2F2CB539}.Debug|x86.ActiveCfg = Debug|Any CPU
		{6B475207-611B-484E-AE35-787F2F2CB539}.Release|Any CPU.ActiveCfg = Release|Any CPU
		{6B475207-611B-484E-AE35-787F2F2CB539}.Release|Any CPU.Build.0 = Release|Any CPU
		{6B475207-611B-484E-AE35-787F2F2CB539}.Release|Mixed Platforms.ActiveCfg = Release|Any CPU
		{6B475207-611B-484E-AE35-787F2F2CB539}.Release|Mixed Platforms.Build.0 = Release|Any CPU
		{6B475207-611B-484E-AE35-787F2F2CB539}.Release|x86.ActiveCfg = Release|Any CPU
		{54317053-E36B-4A90-A293-230A14C7FEC8}.Debug|Any CPU.ActiveCfg = Debug|Any CPU
		{54317053-E36B-4A90-A293-230A14C7FEC8}.Debug|Any CPU.Build.0 = Debug|Any CPU
		{54317053-E36B-4A90-A293-230A14C7FEC8}.Debug|Mixed Platforms.ActiveCfg = Debug|Any CPU
		{54317053-E36B-4A90-A293-230A14C7FEC8}.Debug|Mixed Platforms.Build.0 = Debug|Any CPU
		{54317053-E36B-4A90-A293-230A14C7FEC8}.Debug|x86.ActiveCfg = Debug|Any CPU
		{54317053-E36B-4A90-A293-230A14C7FEC8}.Release|Any CPU.ActiveCfg = Release|Any CPU
		{54317053-E36B-4A90-A293-230A14C7FEC8}.Release|Any CPU.Build.0 = Release|Any CPU
		{54317053-E36B-4A90-A293-230A14C7FEC8}.Release|Mixed Platforms.ActiveCfg = Release|Any CPU
		{54317053-E36B-4A90-A293-230A14C7FEC8}.Release|Mixed Platforms.Build.0 = Release|Any CPU
		{54317053-E36B-4A90-A293-230A14C7FEC8}.Release|x86.ActiveCfg = Release|Any CPU
	EndGlobalSection
	GlobalSection(SolutionProperties) = preSolution
		HideSolutionNode = FALSE
	EndGlobalSection
	GlobalSection(NestedProjects) = preSolution
		{DA9B3DD2-9F6A-4FC0-9E4A-315294917182} = {3F787B29-F61C-48FB-8319-BC1ED0BBDC64}
		{B511179D-EC44-4715-8586-35A79E33A6FD} = {3F787B29-F61C-48FB-8319-BC1ED0BBDC64}
		{EC896F14-0993-4320-9DDD-FE66653C469F} = {3F787B29-F61C-48FB-8319-BC1ED0BBDC64}
		{BF17DA37-3740-4F05-9173-50EE6174C3CA} = {DA9B3DD2-9F6A-4FC0-9E4A-315294917182}
		{8E1C72CC-D134-459C-BBBC-6EF31AE0FD42} = {DA9B3DD2-9F6A-4FC0-9E4A-315294917182}
		{3C8790B8-FA0C-4750-B680-DA86D98C0D2F} = {998D85B5-AD2B-4BB9-BD93-3F5F6D1268A7}
		{D66BFC08-2481-4456-B7FD-02C1E65A089B} = {998D85B5-AD2B-4BB9-BD93-3F5F6D1268A7}
		{E4DE5DF3-3CC8-4669-ABB8-A7A58440D527} = {998D85B5-AD2B-4BB9-BD93-3F5F6D1268A7}
		{CF6577E9-EB67-4917-8992-567AAE471E18} = {998D85B5-AD2B-4BB9-BD93-3F5F6D1268A7}
		{BDA57EB4-3012-4277-A0B6-D97FBE5A3FAC} = {998D85B5-AD2B-4BB9-BD93-3F5F6D1268A7}
		{6B475207-611B-484E-AE35-787F2F2CB539} = {998D85B5-AD2B-4BB9-BD93-3F5F6D1268A7}
		{54317053-E36B-4A90-A293-230A14C7FEC8} = {998D85B5-AD2B-4BB9-BD93-3F5F6D1268A7}
		{0B2EB407-70D0-41BE-B4B0-D60055FD32B4} = {C77742A5-09B1-4F9A-A98A-D91AE4182F3A}
		{6970C906-4205-4004-8D93-6BDF657E6295} = {EC896F14-0993-4320-9DDD-FE66653C469F}
	EndGlobalSection
	GlobalSection(ExtensibilityGlobals) = postSolution
		EnterpriseLibraryConfigurationToolBinariesPath = packages\Unity.2.1.505.2\lib\NET35
	EndGlobalSection
EndGlobal
